
Microsoft Visual Studio Solution File, Format Version 12.00
# Visual Studio Version 17
VisualStudioVersion = 17.8.34330.188
MinimumVisualStudioVersion = 10.0.40219.1
Project("{FAE04EC0-301F-11D3-BF4B-00C04F79EFBC}") = "Zad1", "Zad1\Zad1.csproj", "{2FA0DB0E-51AC-4FC7-925C-9330EF5FEE05}"
EndProject
Project("{FAE04EC0-301F-11D3-BF4B-00C04F79EFBC}") = "Zad2", "Zad2\Zad2.csproj", "{B198A9C2-E446-4FD2-B5C6-AC171D2CC427}"
EndProject
Project("{FAE04EC0-301F-11D3-BF4B-00C04F79EFBC}") = "Zad3", "Zad3\Zad3.csproj", "{CD42C46A-9678-408D-BEC8-39F2A03507A1}"
EndProject
Global
	GlobalSection(SolutionConfigurationPlatforms) = preSolution
		Debug|Any CPU = Debug|Any CPU
		Release|Any CPU = Release|Any CPU
	EndGlobalSection
	GlobalSection(ProjectConfigurationPlatforms) = postSolution
		{2FA0DB0E-51AC-4FC7-925C-9330EF5FEE05}.Debug|Any CPU.ActiveCfg = Debug|Any CPU
		{2FA0DB0E-51AC-4FC7-925C-9330EF5FEE05}.Debug|Any CPU.Build.0 = Debug|Any CPU
		{2FA0DB0E-51AC-4FC7-925C-9330EF5FEE05}.Release|Any CPU.ActiveCfg = Release|Any CPU
		{2FA0DB0E-51AC-4FC7-925C-9330EF5FEE05}.Release|Any CPU.Build.0 = Release|Any CPU
		{B198A9C2-E446-4FD2-B5C6-AC171D2CC427}.Debug|Any CPU.ActiveCfg = Debug|Any CPU
		{B198A9C2-E446-4FD2-B5C6-AC171D2CC427}.Debug|Any CPU.Build.0 = Debug|Any CPU
		{B198A9C2-E446-4FD2-B5C6-AC171D2CC427}.Release|Any CPU.ActiveCfg = Release|Any CPU
		{B198A9C2-E446-4FD2-B5C6-AC171D2CC427}.Release|Any CPU.Build.0 = Release|Any CPU
		{CD42C46A-9678-408D-BEC8-39F2A03507A1}.Debug|Any CPU.ActiveCfg = Debug|Any CPU
		{CD42C46A-9678-408D-BEC8-39F2A03507A1}.Debug|Any CPU.Build.0 = Debug|Any CPU
		{CD42C46A-9678-408D-BEC8-39F2A03507A1}.Release|Any CPU.ActiveCfg = Release|Any CPU
		{CD42C46A-9678-408D-BEC8-39F2A03507A1}.Release|Any CPU.Build.0 = Release|Any CPU
	EndGlobalSection
	GlobalSection(SolutionProperties) = preSolution
		HideSolutionNode = FALSE
	EndGlobalSection
	GlobalSection(ExtensibilityGlobals) = postSolution
		SolutionGuid = {8D2FC04A-297D-47AB-BFAD-BE5CA3DA3F3B}
	EndGlobalSection
EndGlobal
